
Microsoft Visual Studio Solution File, Format Version 12.00
# Visual Studio 14
VisualStudioVersion = 14.0.25420.1
MinimumVisualStudioVersion = 10.0.40219.1
Project("{FAE04EC0-301F-11D3-BF4B-00C04F79EFBC}") = "ORLM", "ORLM\ORLM.csproj", "{8B11658E-8B58-4ABC-ADFA-EF2D5CBF0802}"
EndProject
Project("{FAE04EC0-301F-11D3-BF4B-00C04F79EFBC}") = "ORLM.DAL", "ORLM.DAL\ORLM.DAL.csproj", "{E5A4A890-4BF0-4DD0-8FAA-C9E8E181FC5D}"
EndProject
Project("{FAE04EC0-301F-11D3-BF4B-00C04F79EFBC}") = "ORLM.Tests", "ORLM.Tests\ORLM.Tests.csproj", "{846AEB96-E4E6-46E6-8A90-D2F99C3E23DE}"
EndProject
Project("{FAE04EC0-301F-11D3-BF4B-00C04F79EFBC}") = "ORLM.BLL", "ORLM.BLL\ORLM.BLL.csproj", "{848A1DC6-EB8E-4397-8D3E-9E38F406F3E6}"
EndProject
Project("{FAE04EC0-301F-11D3-BF4B-00C04F79EFBC}") = "ORLM.Model", "ORLM.Model\ORLM.Model.csproj", "{8E86432B-F7C7-4DE0-975C-33C418C48F80}"
EndProject
Global
	GlobalSection(SolutionConfigurationPlatforms) = preSolution
		Debug|Any CPU = Debug|Any CPU
		Release|Any CPU = Release|Any CPU
	EndGlobalSection
	GlobalSection(ProjectConfigurationPlatforms) = postSolution
		{8B11658E-8B58-4ABC-ADFA-EF2D5CBF0802}.Debug|Any CPU.ActiveCfg = Debug|Any CPU
		{8B11658E-8B58-4ABC-ADFA-EF2D5CBF0802}.Debug|Any CPU.Build.0 = Debug|Any CPU
		{8B11658E-8B58-4ABC-ADFA-EF2D5CBF0802}.Release|Any CPU.ActiveCfg = Release|Any CPU
		{8B11658E-8B58-4ABC-ADFA-EF2D5CBF0802}.Release|Any CPU.Build.0 = Release|Any CPU
		{E5A4A890-4BF0-4DD0-8FAA-C9E8E181FC5D}.Debug|Any CPU.ActiveCfg = Debug|Any CPU
		{E5A4A890-4BF0-4DD0-8FAA-C9E8E181FC5D}.Debug|Any CPU.Build.0 = Debug|Any CPU
		{E5A4A890-4BF0-4DD0-8FAA-C9E8E181FC5D}.Release|Any CPU.ActiveCfg = Release|Any CPU
		{E5A4A890-4BF0-4DD0-8FAA-C9E8E181FC5D}.Release|Any CPU.Build.0 = Release|Any CPU
		{846AEB96-E4E6-46E6-8A90-D2F99C3E23DE}.Debug|Any CPU.ActiveCfg = Debug|Any CPU
		{846AEB96-E4E6-46E6-8A90-D2F99C3E23DE}.Debug|Any CPU.Build.0 = Debug|Any CPU
		{846AEB96-E4E6-46E6-8A90-D2F99C3E23DE}.Release|Any CPU.ActiveCfg = Release|Any CPU
		{846AEB96-E4E6-46E6-8A90-D2F99C3E23DE}.Release|Any CPU.Build.0 = Release|Any CPU
		{848A1DC6-EB8E-4397-8D3E-9E38F406F3E6}.Debug|Any CPU.ActiveCfg = Debug|Any CPU
		{848A1DC6-EB8E-4397-8D3E-9E38F406F3E6}.Debug|Any CPU.Build.0 = Debug|Any CPU
		{848A1DC6-EB8E-4397-8D3E-9E38F406F3E6}.Release|Any CPU.ActiveCfg = Release|Any CPU
		{848A1DC6-EB8E-4397-8D3E-9E38F406F3E6}.Release|Any CPU.Build.0 = Release|Any CPU
		{8E86432B-F7C7-4DE0-975C-33C418C48F80}.Debug|Any CPU.ActiveCfg = Debug|Any CPU
		{8E86432B-F7C7-4DE0-975C-33C418C48F80}.Debug|Any CPU.Build.0 = Debug|Any CPU
		{8E86432B-F7C7-4DE0-975C-33C418C48F80}.Release|Any CPU.ActiveCfg = Release|Any CPU
		{8E86432B-F7C7-4DE0-975C-33C418C48F80}.Release|Any CPU.Build.0 = Release|Any CPU
	EndGlobalSection
	GlobalSection(SolutionProperties) = preSolution
		HideSolutionNode = FALSE
	EndGlobalSection
EndGlobal
